{
  "lockfile-version": 1,
  "manifest": {
    "schema-version": "1.16.0",
    "install": {
      "curl": {
        "pkg-path": "curl"
      },
      "ik-llama-cpp": {
        "flake": "github:imkarrer/agent-hub#ik-llama-cpp"
      },
      "jq": {
        "pkg-path": "jq"
      },
      "llama-swap": {
        "pkg-path": "llama-swap",
        "version": "224"
      },
      "shellcheck": {
        "pkg-path": "shellcheck"
      },
      "stable-diffusion-cpp": {
        "flake": "github:imkarrer/agent-hub#stable-diffusion-cpp"
      }
    },
    "hook": {
      "on-activate": "  if [ -z \"${INVOCATION_ID:-}\" ]; then\n    # A developer's shell, on a machine that is not the box. Every value\n    # here is deliberately NOT ac-box's (those are hosts/ac-box/\n    # configuration.nix's, passed by the stub): enough to load the table\n    # and run one small model beside a NixOS unit on the same machine.\n    #\n    # The GGUFs: models/ in this checkout, gitignored;\n    # `DEST=$PWD/models scripts/fetch-model.sh <name>` fills it.\n    : \"${AGENT_HUB_MODELS:=$FLOX_ENV_PROJECT/models}\"\n    # --threads / -t for every backend. Four: a laptop's share, never\n    # auto-detect (on the box that is 56 threads and the race servers\n    # starve; the box says 23).\n    : \"${AGENT_HUB_THREADS:=4}\"\n    # --ctx-size for the chat models (the box says 32768; the embedding\n    # model has its own 8192 in llama-swap.yaml regardless).\n    : \"${AGENT_HUB_CTX:=8192}\"\n    # Where llama-swap listens: loopback, and not :8100, which the NixOS\n    # unit on the WSL box holds (the box says 127.0.0.1:8100, nginx in\n    # front). scripts/ci_test.sh sets its own 18999 to sit beside this.\n    : \"${AGENT_HUB_LISTEN:=127.0.0.1:18900}\"\n    # llama-swap's loopback backends start here, off the box's 18100 for\n    # the same reason.\n    : \"${AGENT_HUB_BACKEND_PORT:=18910}\"\n    # The model table, and the directory holding sd-ui.html for the image\n    # backends: two files of this repo, at the checkout flox activated\n    # (FLOX_ENV_PROJECT). A FloxHub generation carries the manifest and\n    # lock only, which is why the box runs the tree at a sha (ADR 0009).\n    : \"${AGENT_HUB_SWAP_CONFIG:=$FLOX_ENV_PROJECT/llama-swap.yaml}\"\n    : \"${AGENT_HUB_ASSETS:=$FLOX_ENV_PROJECT/nix}\"\n    export AGENT_HUB_MODELS AGENT_HUB_THREADS AGENT_HUB_CTX AGENT_HUB_LISTEN \\\n           AGENT_HUB_BACKEND_PORT AGENT_HUB_SWAP_CONFIG AGENT_HUB_ASSETS\n  fi\n"
    },
    "options": {
      "systems": [
        "x86_64-linux"
      ]
    },
    "services": {
      "llm": {
        "command": "exec llama-swap -config \"$AGENT_HUB_SWAP_CONFIG\" -listen \"$AGENT_HUB_LISTEN\""
      }
    }
  },
  "packages": [
    {
      "attr_path": "curl",
      "broken": false,
      "derivation": "/nix/store/y0w0b4xy7vp4v777yh6pnkjlf5qp6319-curl-8.21.0.drv",
      "description": "Command line tool for transferring files with URL syntax",
      "install_id": "curl",
      "license": "curl",
      "locked_url": "https://github.com/flox/nixpkgs?rev=241313f4e8e508cb9b13278c2b0fa25b9ca27163",
      "name": "curl-8.21.0",
      "pname": "curl",
      "rev": "241313f4e8e508cb9b13278c2b0fa25b9ca27163",
      "rev_count": 1037713,
      "rev_date": "2026-07-19T21:52:44Z",
      "scrape_date": "2026-07-21T05:58:39.303543Z",
      "stabilities": [
        "unstable",
        "staging",
        "stable"
      ],
      "unfree": false,
      "version": "8.21.0",
      "outputs_to_install": [
        "bin",
        "bin",
        "bin",
        "man",
        "man",
        "man"
      ],
      "outputs": {
        "bin": "/nix/store/p4j27d0562xma7y3hpls2lm6v20sbfcv-curl-8.21.0-bin",
        "debug": "/nix/store/wpy53cxgn1g9nvsz489in3cjyxjqphgc-curl-8.21.0-debug",
        "dev": "/nix/store/sspqmllb6bwpysc3mvid7lds8j8hy35k-curl-8.21.0-dev",
        "devdoc": "/nix/store/ylghxlac5whkagpcwmsd1wxskksg3dj7-curl-8.21.0-devdoc",
        "man": "/nix/store/mxyw3rz7qc00485ajsxsi7daardg03sx-curl-8.21.0-man",
        "out": "/nix/store/fn0k2qlkgicm4z1s53z6132kkzi5izlr-curl-8.21.0"
      },
      "system": "x86_64-linux",
      "group": "toplevel",
      "priority": 5
    },
    {
      "attr_path": "jq",
      "broken": false,
      "derivation": "/nix/store/dfwn0131h6xq4nifhvrw7ivpf9ch9j7m-jq-1.8.2.drv",
      "description": "Lightweight and flexible command-line JSON processor",
      "install_id": "jq",
      "license": "MIT",
      "locked_url": "https://github.com/flox/nixpkgs?rev=241313f4e8e508cb9b13278c2b0fa25b9ca27163",
      "name": "jq-1.8.2",
      "pname": "jq",
      "rev": "241313f4e8e508cb9b13278c2b0fa25b9ca27163",
      "rev_count": 1037713,
      "rev_date": "2026-07-19T21:52:44Z",
      "scrape_date": "2026-07-21T05:59:02.220512Z",
      "stabilities": [
        "unstable",
        "staging",
        "stable"
      ],
      "unfree": false,
      "version": "1.8.2",
      "outputs_to_install": [
        "bin",
        "bin",
        "bin",
        "man"
      ],
      "outputs": {
        "bin": "/nix/store/1bp02949k0xdihbgphpwbzba1741pknk-jq-1.8.2-bin",
        "dev": "/nix/store/gfgr11fc6rd0rnbalj2qk69s4jyy5rsb-jq-1.8.2-dev",
        "doc": "/nix/store/ic07gi5rsjf4nq2ad3h40cpk92bfxb0f-jq-1.8.2-doc",
        "man": "/nix/store/zcxx34cdvf8xbv26vw2hbgjmsjwxaj9h-jq-1.8.2-man",
        "out": "/nix/store/mgrb1j6chhwmb7jwd6cjwihbni2szz1d-jq-1.8.2"
      },
      "system": "x86_64-linux",
      "group": "toplevel",
      "priority": 5
    },
    {
      "attr_path": "llama-swap",
      "broken": false,
      "derivation": "/nix/store/1qv0szgfbv6w7zq35pwm99afkqpixcja-llama-swap-224.drv",
      "description": "Model swapping for llama.cpp (or any local OpenAPI compatible server)",
      "install_id": "llama-swap",
      "license": "MIT",
      "locked_url": "https://github.com/flox/nixpkgs?rev=241313f4e8e508cb9b13278c2b0fa25b9ca27163",
      "name": "llama-swap-224",
      "pname": "llama-swap",
      "rev": "241313f4e8e508cb9b13278c2b0fa25b9ca27163",
      "rev_count": 1037713,
      "rev_date": "2026-07-19T21:52:44Z",
      "scrape_date": "2026-07-21T05:59:11.510875Z",
      "stabilities": [
        "unstable",
        "staging",
        "stable"
      ],
      "unfree": false,
      "version": "224",
      "outputs_to_install": [
        "out"
      ],
      "outputs": {
        "out": "/nix/store/f2fksgy3r5irm11rgnz8g2i4lvmbpb7f-llama-swap-224",
        "wol": "/nix/store/fh9f4rvmi7aw72bwaq2sj2cnyryy6hin-llama-swap-224-wol"
      },
      "system": "x86_64-linux",
      "group": "toplevel",
      "priority": 5
    },
    {
      "attr_path": "shellcheck",
      "broken": false,
      "derivation": "/nix/store/k60yl5yh3wm8bid994cvg6j061lz83xq-shellcheck-0.11.0.drv",
      "description": "Shell script analysis tool",
      "install_id": "shellcheck",
      "license": "GPL-3.0-only",
      "locked_url": "https://github.com/flox/nixpkgs?rev=241313f4e8e508cb9b13278c2b0fa25b9ca27163",
      "name": "shellcheck-0.11.0",
      "pname": "shellcheck",
      "rev": "241313f4e8e508cb9b13278c2b0fa25b9ca27163",
      "rev_count": 1037713,
      "rev_date": "2026-07-19T21:52:44Z",
      "scrape_date": "2026-07-21T06:01:15.834108Z",
      "stabilities": [
        "unstable",
        "staging",
        "stable"
      ],
      "unfree": false,
      "version": "0.11.0",
      "outputs_to_install": [
        "bin",
        "doc",
        "man"
      ],
      "outputs": {
        "bin": "/nix/store/ixvpvkr2s92pbi6si1ki8yk3fs1gvlf2-shellcheck-0.11.0-bin",
        "doc": "/nix/store/xd6y28b5cg1jyp9cjnnrwc0s0h55lz6r-shellcheck-0.11.0-doc",
        "man": "/nix/store/8klljnbvqzp6j2f4f8njipxf4h2hyyra-shellcheck-0.11.0-man",
        "out": "/nix/store/brkafranc7dph4p1brbnx8z70b0yl6l6-shellcheck-0.11.0"
      },
      "system": "x86_64-linux",
      "group": "toplevel",
      "priority": 5
    },
    {
      "install_id": "ik-llama-cpp",
      "locked-url": "github:imkarrer/agent-hub/33c3b83788511f98d228222dfc41193534fceb81?narHash=sha256-XYgy1e2z0pIFcQfSUp6vSj%2BAKjLALtb2843b3XfiLqo%3D",
      "flake-description": "Local coding-agent host: CPU/RAM-bound LLM serving + agent harness. Prototype on WSL2 NixOS, deploy to ac-box.",
      "locked-flake-attr-path": "packages.x86_64-linux.ik-llama-cpp",
      "derivation": "/nix/store/5cc0wnjdfxvf1rk0jb77ba7555xl0nn6-llama-cpp-3bb386e.drv",
      "outputs": {
        "out": "/nix/store/qn6qpywlzv0mi1d80kgk4s3cm8acnr76-llama-cpp-3bb386e"
      },
      "output-names": [
        "out"
      ],
      "outputs-to-install": [
        "out"
      ],
      "requested-outputs-to-install": [],
      "package-system": "x86_64-linux",
      "system": "x86_64-linux",
      "name": "llama-cpp-3bb386e",
      "pname": "llama-cpp",
      "version": "3bb386e",
      "description": "ik_llama.cpp: llama.cpp fork with better CPU performance",
      "licenses": [
        "MIT"
      ],
      "broken": false,
      "unfree": false,
      "priority": 5
    },
    {
      "install_id": "stable-diffusion-cpp",
      "locked-url": "github:imkarrer/agent-hub/33c3b83788511f98d228222dfc41193534fceb81?narHash=sha256-XYgy1e2z0pIFcQfSUp6vSj%2BAKjLALtb2843b3XfiLqo%3D",
      "flake-description": "Local coding-agent host: CPU/RAM-bound LLM serving + agent harness. Prototype on WSL2 NixOS, deploy to ac-box.",
      "locked-flake-attr-path": "packages.x86_64-linux.stable-diffusion-cpp",
      "derivation": "/nix/store/w47bzgc11g0fjnn7s209hnwyxmdlks2x-stable-diffusion-cpp-master-625-f683c88.drv",
      "outputs": {
        "dev": "/nix/store/ilmfdc3ki9qq1371q21rix2h906qmxcr-stable-diffusion-cpp-master-625-f683c88-dev",
        "out": "/nix/store/iyb99qg14pwxxac6pyczij1lbnyv1yng-stable-diffusion-cpp-master-625-f683c88"
      },
      "output-names": [
        "out",
        "dev"
      ],
      "outputs-to-install": [
        "out"
      ],
      "requested-outputs-to-install": [],
      "package-system": "x86_64-linux",
      "system": "x86_64-linux",
      "name": "stable-diffusion-cpp-master-625-f683c88",
      "pname": "stable-diffusion-cpp",
      "version": "master-625-f683c88",
      "description": "Stable Diffusion inference in pure C/C++",
      "licenses": [
        "MIT"
      ],
      "broken": false,
      "unfree": false,
      "priority": 5
    }
  ]
}
